
Microsoft Visual Studio Solution File, Format Version 12.00
# Visual Studio Version 16
VisualStudioVersion = 16.0.29911.84
MinimumVisualStudioVersion = 10.0.40219.1
Project("{FAE04EC0-301F-11D3-BF4B-00C04F79EFBC}") = "OutlookDemo", "OutlookDemo\OutlookDemo.csproj", "{D38AEEFE-AE69-4FFC-9976-65EF093418A5}"
EndProject
Global
	GlobalSection(SolutionConfigurationPlatforms) = preSolution
		Debug|Any CPU = Debug|Any CPU
		Release|Any CPU = Release|Any CPU
	EndGlobalSection
	GlobalSection(ProjectConfigurationPlatforms) = postSolution
		{D38AEEFE-AE69-4FFC-9976-65EF093418A5}.Debug|Any CPU.ActiveCfg = Debug|Any CPU
		{D38AEEFE-AE69-4FFC-9976-65EF093418A5}.Debug|Any CPU.Build.0 = Debug|Any CPU
		{D38AEEFE-AE69-4FFC-9976-65EF093418A5}.Release|Any CPU.ActiveCfg = Release|Any CPU
		{D38AEEFE-AE69-4FFC-9976-65EF093418A5}.Release|Any CPU.Build.0 = Release|Any CPU
	EndGlobalSection
	GlobalSection(SolutionProperties) = preSolution
		HideSolutionNode = FALSE
	EndGlobalSection
	GlobalSection(ExtensibilityGlobals) = postSolution
		SolutionGuid = {33B74F4B-F900-4A7F-9BA2-E14C87C10483}
	EndGlobalSection
EndGlobal
